// !$*UTF8*$!
{
	archiveVersion = 1;
	classes = {
	};
	objectVersion = 50;
	objects = {

/* Begin PBXBuildFile section */
		000AA8AA22E8A68600ED3134 /* CustomImageView.swift in Sources */ = {isa = PBXBuildFile; fileRef = 000AA8A922E8A68600ED3134 /* CustomImageView.swift */; };
		000AA8AC22E8B5D800ED3134 /* Extension.swift in Sources */ = {isa = PBXBuildFile; fileRef = 000AA8AB22E8B5D800ED3134 /* Extension.swift */; };
		00D40A2E22E8655100F93CD8 /* AppDelegate.swift in Sources */ = {isa = PBXBuildFile; fileRef = 00D40A2D22E8655100F93CD8 /* AppDelegate.swift */; };
		00D40A3322E8655100F93CD8 /* Main.storyboard in Resources */ = {isa = PBXBuildFile; fileRef = 00D40A3122E8655100F93CD8 /* Main.storyboard */; };
		00D40A3522E8655300F93CD8 /* Assets.xcassets in Resources */ = {isa = PBXBuildFile; fileRef = 00D40A3422E8655300F93CD8 /* Assets.xcassets */; };
		00D40A3822E8655300F93CD8 /* LaunchScreen.storyboard in Resources */ = {isa = PBXBuildFile; fileRef = 00D40A3622E8655300F93CD8 /* LaunchScreen.storyboard */; };
		00D40A4122E8659200F93CD8 /* NewsTableViewController.swift in Sources */ = {isa = PBXBuildFile; fileRef = 00D40A4022E8659200F93CD8 /* NewsTableViewController.swift */; };
		00D40A4622E8704400F93CD8 /* Service.swift in Sources */ = {isa = PBXBuildFile; fileRef = 00D40A4522E8704400F93CD8 /* Service.swift */; };
		00D40A4822E870A600F93CD8 /* Constant.swift in Sources */ = {isa = PBXBuildFile; fileRef = 00D40A4722E870A600F93CD8 /* Constant.swift */; };
		00D40A4A22E871A500F93CD8 /* Article.swift in Sources */ = {isa = PBXBuildFile; fileRef = 00D40A4922E871A500F93CD8 /* Article.swift */; };
		00D40A4D22E874BF00F93CD8 /* ArticleViewModel.swift in Sources */ = {isa = PBXBuildFile; fileRef = 00D40A4C22E874BF00F93CD8 /* ArticleViewModel.swift */; };
		00D40A4F22E8765800F93CD8 /* ArticleListViewModel.swift in Sources */ = {isa = PBXBuildFile; fileRef = 00D40A4E22E8765800F93CD8 /* ArticleListViewModel.swift */; };
		00D40A5222E87A1000F93CD8 /* ArticleTableViewCell.swift in Sources */ = {isa = PBXBuildFile; fileRef = 00D40A5122E87A1000F93CD8 /* ArticleTableViewCell.swift */; };
/* End PBXBuildFile section */

/* Begin PBXFileReference section */
		000AA8A922E8A68600ED3134 /* CustomImageView.swift */ = {isa = PBXFileReference; lastKnownFileType = sourcecode.swift; path = CustomImageView.swift; sourceTree = "<group>"; };
		000AA8AB22E8B5D800ED3134 /* Extension.swift */ = {isa = PBXFileReference; lastKnownFileType = sourcecode.swift; path = Extension.swift; sourceTree = "<group>"; };
		00D40A2A22E8655100F93CD8 /* NewsAppMVVM.app */ = {isa = PBXFileReference; explicitFileType = wrapper.application; includeInIndex = 0; path = NewsAppMVVM.app; sourceTree = BUILT_PRODUCTS_DIR; };
		00D40A2D22E8655100F93CD8 /* AppDelegate.swift */ = {isa = PBXFileReference; lastKnownFileType = sourcecode.swift; path = AppDelegate.swift; sourceTree = "<group>"; };
		00D40A3222E8655100F93CD8 /* Base */ = {isa = PBXFileReference; lastKnownFileType = file.storyboard; name = Base; path = Base.lproj/Main.storyboard; sourceTree = "<group>"; };
		00D40A3422E8655300F93CD8 /* Assets.xcassets */ = {isa = PBXFileReference; lastKnownFileType = folder.assetcatalog; path = Assets.xcassets; sourceTree = "<group>"; };
		00D40A3722E8655300F93CD8 /* Base */ = {isa = PBXFileReference; lastKnownFileType = file.storyboard; name = Base; path = Base.lproj/LaunchScreen.storyboard; sourceTree = "<group>"; };
		00D40A3922E8655300F93CD8 /* Info.plist */ = {isa = PBXFileReference; lastKnownFileType = text.plist.xml; path = Info.plist; sourceTree = "<group>"; };
		00D40A4022E8659200F93CD8 /* NewsTableViewController.swift */ = {isa = PBXFileReference; lastKnownFileType = sourcecode.swift; path = NewsTableViewController.swift; sourceTree = "<group>"; };
		00D40A4522E8704400F93CD8 /* Service.swift */ = {isa = PBXFileReference; lastKnownFileType = sourcecode.swift; path = Service.swift; sourceTree = "<group>"; };
		00D40A4722E870A600F93CD8 /* Constant.swift */ = {isa = PBXFileReference; lastKnownFileType = sourcecode.swift; path = Constant.swift; sourceTree = "<group>"; };
		00D40A4922E871A500F93CD8 /* Article.swift */ = {isa = PBXFileReference; lastKnownFileType = sourcecode.swift; path = Article.swift; sourceTree = "<group>"; };
		00D40A4C22E874BF00F93CD8 /* ArticleViewModel.swift */ = {isa = PBXFileReference; lastKnownFileType = sourcecode.swift; path = ArticleViewModel.swift; sourceTree = "<group>"; };
		00D40A4E22E8765800F93CD8 /* ArticleListViewModel.swift */ = {isa = PBXFileReference; lastKnownFileType = sourcecode.swift; path = ArticleListViewModel.swift; sourceTree = "<group>"; };
		00D40A5122E87A1000F93CD8 /* ArticleTableViewCell.swift */ = {isa = PBXFileReference; lastKnownFileType = sourcecode.swift; path = ArticleTableViewCell.swift; sourceTree = "<group>"; };
/* End PBXFileReference section */

/* Begin PBXFrameworksBuildPhase section */
		00D40A2722E8655100F93CD8 /* Frameworks */ = {
			isa = PBXFrameworksBuildPhase;
			buildActionMask = 2147483647;
			files = (
			);
			runOnlyForDeploymentPostprocessing = 0;
		};
/* End PBXFrameworksBuildPhase section */

/* Begin PBXGroup section */
		000AA8A822E8A66B00ED3134 /* Helper */ = {
			isa = PBXGroup;
			children = (
				000AA8A922E8A68600ED3134 /* CustomImageView.swift */,
				000AA8AB22E8B5D800ED3134 /* Extension.swift */,
			);
			path = Helper;
			sourceTree = "<group>";
		};
		00D40A2122E8655100F93CD8 = {
			isa = PBXGroup;
			children = (
				00D40A2C22E8655100F93CD8 /* NewsAppMVVM */,
				00D40A2B22E8655100F93CD8 /* Products */,
			);
			sourceTree = "<group>";
		};
		00D40A2B22E8655100F93CD8 /* Products */ = {
			isa = PBXGroup;
			children = (
				00D40A2A22E8655100F93CD8 /* NewsAppMVVM.app */,
			);
			name = Products;
			sourceTree = "<group>";
		};
		00D40A2C22E8655100F93CD8 /* NewsAppMVVM */ = {
			isa = PBXGroup;
			children = (
				000AA8A822E8A66B00ED3134 /* Helper */,
				00D40A5022E879ED00F93CD8 /* Cell */,
				00D40A4B22E8749A00F93CD8 /* ViewModels */,
				00D40A4322E86F4E00F93CD8 /* Models */,
				00D40A4222E86F4100F93CD8 /* Service */,
				00D40A3F22E8656B00F93CD8 /* Contoller */,
				00D40A2D22E8655100F93CD8 /* AppDelegate.swift */,
				00D40A3122E8655100F93CD8 /* Main.storyboard */,
				00D40A3922E8655300F93CD8 /* Info.plist */,
				00D40A4422E86F5800F93CD8 /* Supporting */,
			);
			path = NewsAppMVVM;
			sourceTree = "<group>";
		};
		00D40A3F22E8656B00F93CD8 /* Contoller */ = {
			isa = PBXGroup;
			children = (
				00D40A4022E8659200F93CD8 /* NewsTableViewController.swift */,
			);
			path = Contoller;
			sourceTree = "<group>";
		};
		00D40A4222E86F4100F93CD8 /* Service */ = {
			isa = PBXGroup;
			children = (
				00D40A4522E8704400F93CD8 /* Service.swift */,
				00D40A4722E870A600F93CD8 /* Constant.swift */,
			);
			path = Service;
			sourceTree = "<group>";
		};
		00D40A4322E86F4E00F93CD8 /* Models */ = {
			isa = PBXGroup;
			children = (
				00D40A4922E871A500F93CD8 /* Article.swift */,
			);
			path = Models;
			sourceTree = "<group>";
		};
		00D40A4422E86F5800F93CD8 /* Supporting */ = {
			isa = PBXGroup;
			children = (
				00D40A3422E8655300F93CD8 /* Assets.xcassets */,
				00D40A3622E8655300F93CD8 /* LaunchScreen.storyboard */,
			);
			path = Supporting;
			sourceTree = "<group>";
		};
		00D40A4B22E8749A00F93CD8 /* ViewModels */ = {
			isa = PBXGroup;
			children = (
				00D40A4C22E874BF00F93CD8 /* ArticleViewModel.swift */,
				00D40A4E22E8765800F93CD8 /* ArticleListViewModel.swift */,
			);
			path = ViewModels;
			sourceTree = "<group>";
		};
		00D40A5022E879ED00F93CD8 /* Cell */ = {
			isa = PBXGroup;
			children = (
				00D40A5122E87A1000F93CD8 /* ArticleTableViewCell.swift */,
			);
			path = Cell;
			sourceTree = "<group>";
		};
/* End PBXGroup section */

/* Begin PBXNativeTarget section */
		00D40A2922E8655100F93CD8 /* NewsAppMVVM */ = {
			isa = PBXNativeTarget;
			buildConfigurationList = 00D40A3C22E8655300F93CD8 /* Build configuration list for PBXNativeTarget "NewsAppMVVM" */;
			buildPhases = (
				00D40A2622E8655100F93CD8 /* Sources */,
				00D40A2722E8655100F93CD8 /* Frameworks */,
				00D40A2822E8655100F93CD8 /* Resources */,
			);
			buildRules = (
			);
			dependencies = (
			);
			name = NewsAppMVVM;
			productName = NewsAppMVVM;
			productReference = 00D40A2A22E8655100F93CD8 /* NewsAppMVVM.app */;
			productType = "com.apple.product-type.application";
		};
/* End PBXNativeTarget section */

/* Begin PBXProject section */
		00D40A2222E8655100F93CD8 /* Project object */ = {
			isa = PBXProject;
			attributes = {
				LastSwiftUpdateCheck = 1020;
				LastUpgradeCheck = 1020;
				ORGANIZATIONNAME = A;
				TargetAttributes = {
					00D40A2922E8655100F93CD8 = {
						CreatedOnToolsVersion = 10.2;
					};
				};
			};
			buildConfigurationList = 00D40A2522E8655100F93CD8 /* Build configuration list for PBXProject "NewsAppMVVM" */;
			compatibilityVersion = "Xcode 9.3";
			developmentRegion = en;
			hasScannedForEncodings = 0;
			knownRegions = (
				en,
				Base,
			);
			mainGroup = 00D40A2122E8655100F93CD8;
			productRefGroup = 00D40A2B22E8655100F93CD8 /* Products */;
			projectDirPath = "";
			projectRoot = "";
			targets = (
				00D40A2922E8655100F93CD8 /* NewsAppMVVM */,
			);
		};
/* End PBXProject section */

/* Begin PBXResourcesBuildPhase section */
		00D40A2822E8655100F93CD8 /* Resources */ = {
			isa = PBXResourcesBuildPhase;
			buildActionMask = 2147483647;
			files = (
				00D40A3822E8655300F93CD8 /* LaunchScreen.storyboard in Resources */,
				00D40A3522E8655300F93CD8 /* Assets.xcassets in Resources */,
				00D40A3322E8655100F93CD8 /* Main.storyboard in Resources */,
			);
			runOnlyForDeploymentPostprocessing = 0;
		};
/* End PBXResourcesBuildPhase section */

/* Begin PBXSourcesBuildPhase section */
		00D40A2622E8655100F93CD8 /* Sources */ = {
			isa = PBXSourcesBuildPhase;
			buildActionMask = 2147483647;
			files = (
				000AA8AA22E8A68600ED3134 /* CustomImageView.swift in Sources */,
				00D40A4122E8659200F93CD8 /* NewsTableViewController.swift in Sources */,
				00D40A2E22E8655100F93CD8 /* AppDelegate.swift in Sources */,
				00D40A4622E8704400F93CD8 /* Service.swift in Sources */,
				00D40A4D22E874BF00F93CD8 /* ArticleViewModel.swift in Sources */,
				000AA8AC22E8B5D800ED3134 /* Extension.swift in Sources */,
				00D40A5222E87A1000F93CD8 /* ArticleTableViewCell.swift in Sources */,
				00D40A4822E870A600F93CD8 /* Constant.swift in Sources */,
				00D40A4A22E871A500F93CD8 /* Article.swift in Sources */,
				00D40A4F22E8765800F93CD8 /* ArticleListViewModel.swift in Sources */,
			);
			runOnlyForDeploymentPostprocessing = 0;
		};
/* End PBXSourcesBuildPhase section */

/* Begin PBXVariantGroup section */
		00D40A3122E8655100F93CD8 /* Main.storyboard */ = {
			isa = PBXVariantGroup;
			children = (
				00D40A3222E8655100F93CD8 /* Base */,
			);
			name = Main.storyboard;
			sourceTree = "<group>";
		};
		00D40A3622E8655300F93CD8 /* LaunchScreen.storyboard */ = {
			isa = PBXVariantGroup;
			children = (
				00D40A3722E8655300F93CD8 /* Base */,
			);
			name = LaunchScreen.storyboard;
			sourceTree = "<group>";
		};
/* End PBXVariantGroup section */

/* Begin XCBuildConfiguration section */
		00D40A3A22E8655300F93CD8 /* Debug */ = {
			isa = XCBuildConfiguration;
			buildSettings = {
				ALWAYS_SEARCH_USER_PATHS = NO;
				CLANG_ANALYZER_NONNULL = YES;
				CLANG_ANALYZER_NUMBER_OBJECT_CONVERSION = YES_AGGRESSIVE;
				CLANG_CXX_LANGUAGE_STANDARD = "gnu++14";
				CLANG_CXX_LIBRARY = "libc++";
				CLANG_ENABLE_MODULES = YES;
				CLANG_ENABLE_OBJC_ARC = YES;
				CLANG_ENABLE_OBJC_WEAK = YES;
				CLANG_WARN_BLOCK_CAPTURE_AUTORELEASING = YES;
				CLANG_WARN_BOOL_CONVERSION = YES;
				CLANG_WARN_COMMA = YES;
				CLANG_WARN_CONSTANT_CONVERSION = YES;
				CLANG_WARN_DEPRECATED_OBJC_IMPLEMENTATIONS = YES;
				CLANG_WARN_DIRECT_OBJC_ISA_USAGE = YES_ERROR;
				CLANG_WARN_DOCUMENTATION_COMMENTS = YES;
				CLANG_WARN_EMPTY_BODY = YES;
				CLANG_WARN_ENUM_CONVERSION = YES;
				CLANG_WARN_INFINITE_RECURSION = YES;
				CLANG_WARN_INT_CONVERSION = YES;
				CLANG_WARN_NON_LITERAL_NULL_CONVERSION = YES;
				CLANG_WARN_OBJC_IMPLICIT_RETAIN_SELF = YES;
				CLANG_WARN_OBJC_LITERAL_CONVERSION = YES;
				CLANG_WARN_OBJC_ROOT_CLASS = YES_ERROR;
				CLANG_WARN_RANGE_LOOP_ANALYSIS = YES;
				CLANG_WARN_STRICT_PROTOTYPES = YES;
				CLANG_WARN_SUSPICIOUS_MOVE = YES;
				CLANG_WARN_UNGUARDED_AVAILABILITY = YES_AGGRESSIVE;
				CLANG_WARN_UNREACHABLE_CODE = YES;
				CLANG_WARN__DUPLICATE_METHOD_MATCH = YES;
				CODE_SIGN_IDENTITY = "iPhone Developer";
				COPY_PHASE_STRIP = NO;
				DEBUG_INFORMATION_FORMAT = dwarf;
				ENABLE_STRICT_OBJC_MSGSEND = YES;
				ENABLE_TESTABILITY = YES;
				GCC_C_LANGUAGE_STANDARD = gnu11;
				GCC_DYNAMIC_NO_PIC = NO;
				GCC_NO_COMMON_BLOCKS = YES;
				GCC_OPTIMIZATION_LEVEL = 0;
				GCC_PREPROCESSOR_DEFINITIONS = (
					"DEBUG=1",
					"$(inherited)",
				);
				GCC_WARN_64_TO_32_BIT_CONVERSION = YES;
				GCC_WARN_ABOUT_RETURN_TYPE = YES_ERROR;
				GCC_WARN_UNDECLARED_SELECTOR = YES;
				GCC_WARN_UNINITIALIZED_AUTOS = YES_AGGRESSIVE;
				GCC_WARN_UNUSED_FUNCTION = YES;
				GCC_WARN_UNUSED_VARIABLE = YES;
				IPHONEOS_DEPLOYMENT_TARGET = 12.2;
				MTL_ENABLE_DEBUG_INFO = INCLUDE_SOURCE;
				MTL_FAST_MATH = YES;
				ONLY_ACTIVE_ARCH = YES;
				SDKROOT = iphoneos;
				SWIFT_ACTIVE_COMPILATION_CONDITIONS = DEBUG;
				SWIFT_OPTIMIZATION_LEVEL = "-Onone";
			};
			name = Debug;
		};
		00D40A3B22E8655300F93CD8 /* Release */ = {
			isa = XCBuildConfiguration;
			buildSettings = {
				ALWAYS_SEARCH_USER_PATHS = NO;
				CLANG_ANALYZER_NONNULL = YES;
				CLANG_ANALYZER_NUMBER_OBJECT_CONVERSION = YES_AGGRESSIVE;
				CLANG_CXX_LANGUAGE_STANDARD = "gnu++14";
				CLANG_CXX_LIBRARY = "libc++";
				CLANG_ENABLE_MODULES = YES;
				CLANG_ENABLE_OBJC_ARC = YES;
				CLANG_ENABLE_OBJC_WEAK = YES;
				CLANG_WARN_BLOCK_CAPTURE_AUTORELEASING = YES;
				CLANG_WARN_BOOL_CONVERSION = YES;
				CLANG_WARN_COMMA = YES;
				CLANG_WARN_CONSTANT_CONVERSION = YES;
				CLANG_WARN_DEPRECATED_OBJC_IMPLEMENTATIONS = YES;
				CLANG_WARN_DIRECT_OBJC_ISA_USAGE = YES_ERROR;
				CLANG_WARN_DOCUMENTATION_COMMENTS = YES;
				CLANG_WARN_EMPTY_BODY = YES;
				CLANG_WARN_ENUM_CONVERSION = YES;
				CLANG_WARN_INFINITE_RECURSION = YES;
				CLANG_WARN_INT_CONVERSION = YES;
				CLANG_WARN_NON_LITERAL_NULL_CONVERSION = YES;
				CLANG_WARN_OBJC_IMPLICIT_RETAIN_SELF = YES;
				CLANG_WARN_OBJC_LITERAL_CONVERSION = YES;
				CLANG_WARN_OBJC_ROOT_CLASS = YES_ERROR;
				CLANG_WARN_RANGE_LOOP_ANALYSIS = YES;
				CLANG_WARN_STRICT_PROTOTYPES = YES;
				CLANG_WARN_SUSPICIOUS_MOVE = YES;
				CLANG_WARN_UNGUARDED_AVAILABILITY = YES_AGGRESSIVE;
				CLANG_WARN_UNREACHABLE_CODE = YES;
				CLANG_WARN__DUPLICATE_METHOD_MATCH = YES;
				CODE_SIGN_IDENTITY = "iPhone Developer";
				COPY_PHASE_STRIP = NO;
				DEBUG_INFORMATION_FORMAT = "dwarf-with-dsym";
				ENABLE_NS_ASSERTIONS = NO;
				ENABLE_STRICT_OBJC_MSGSEND = YES;
				GCC_C_LANGUAGE_STANDARD = gnu11;
				GCC_NO_COMMON_BLOCKS = YES;
				GCC_WARN_64_TO_32_BIT_CONVERSION = YES;
				GCC_WARN_ABOUT_RETURN_TYPE = YES_ERROR;
				GCC_WARN_UNDECLARED_SELECTOR = YES;
				GCC_WARN_UNINITIALIZED_AUTOS = YES_AGGRESSIVE;
				GCC_WARN_UNUSED_FUNCTION = YES;
				GCC_WARN_UNUSED_VARIABLE = YES;
				IPHONEOS_DEPLOYMENT_TARGET = 12.2;
				MTL_ENABLE_DEBUG_INFO = NO;
				MTL_FAST_MATH = YES;
				SDKROOT = iphoneos;
				SWIFT_COMPILATION_MODE = wholemodule;
				SWIFT_OPTIMIZATION_LEVEL = "-O";
				VALIDATE_PRODUCT = YES;
			};
			name = Release;
		};
		00D40A3D22E8655300F93CD8 /* Debug */ = {
			isa = XCBuildConfiguration;
			buildSettings = {
				ASSETCATALOG_COMPILER_APPICON_NAME = AppIcon;
				CODE_SIGN_STYLE = Automatic;
				DEVELOPMENT_TEAM = C2WZ997HDM;
				INFOPLIST_FILE = NewsAppMVVM/Info.plist;
				LD_RUNPATH_SEARCH_PATHS = (
					"$(inherited)",
					"@executable_path/Frameworks",
				);
				PRODUCT_BUNDLE_IDENTIFIER = com.a.NewsAppMVVM;
				PRODUCT_NAME = "$(TARGET_NAME)";
				SWIFT_VERSION = 5.0;
				TARGETED_DEVICE_FAMILY = "1,2";
			};
			name = Debug;
		};
		00D40A3E22E8655300F93CD8 /* Release */ = {
			isa = XCBuildConfiguration;
			buildSettings = {
				ASSETCATALOG_COMPILER_APPICON_NAME = AppIcon;
				CODE_SIGN_STYLE = Automatic;
				DEVELOPMENT_TEAM = C2WZ997HDM;
				INFOPLIST_FILE = NewsAppMVVM/Info.plist;
				LD_RUNPATH_SEARCH_PATHS = (
					"$(inherited)",
					"@executable_path/Frameworks",
				);
				PRODUCT_BUNDLE_IDENTIFIER = com.a.NewsAppMVVM;
				PRODUCT_NAME = "$(TARGET_NAME)";
				SWIFT_VERSION = 5.0;
				TARGETED_DEVICE_FAMILY = "1,2";
			};
			name = Release;
		};
/* End XCBuildConfiguration section */

/* Begin XCConfigurationList section */
		00D40A2522E8655100F93CD8 /* Build configuration list for PBXProject "NewsAppMVVM" */ = {
			isa = XCConfigurationList;
			buildConfigurations = (
				00D40A3A22E8655300F93CD8 /* Debug */,
				00D40A3B22E8655300F93CD8 /* Release */,
			);
			defaultConfigurationIsVisible = 0;
			defaultConfigurationName = Release;
		};
		00D40A3C22E8655300F93CD8 /* Build configuration list for PBXNativeTarget "NewsAppMVVM" */ = {
			isa = XCConfigurationList;
			buildConfigurations = (
				00D40A3D22E8655300F93CD8 /* Debug */,
				00D40A3E22E8655300F93CD8 /* Release */,
			);
			defaultConfigurationIsVisible = 0;
			defaultConfigurationName = Release;
		};
/* End XCConfigurationList section */
	};
	rootObject = 00D40A2222E8655100F93CD8 /* Project object */;
}
